
Microsoft Visual Studio Solution File, Format Version 12.00
# Visual Studio Version 17
VisualStudioVersion = 17.7.34018.315
MinimumVisualStudioVersion = 10.0.40219.1
Project("{FAE04EC0-301F-11D3-BF4B-00C04F79EFBC}") = "FactoryPattern", "FactoryPattern\FactoryPattern.csproj", "{D38C21CE-7B23-4EBF-8B62-CED5B30F56DD}"
EndProject
Global
	GlobalSection(SolutionConfigurationPlatforms) = preSolution
		Debug|Any CPU = Debug|Any CPU
		Release|Any CPU = Release|Any CPU
	EndGlobalSection
	GlobalSection(ProjectConfigurationPlatforms) = postSolution
		{D38C21CE-7B23-4EBF-8B62-CED5B30F56DD}.Debug|Any CPU.ActiveCfg = Debug|Any CPU
		{D38C21CE-7B23-4EBF-8B62-CED5B30F56DD}.Debug|Any CPU.Build.0 = Debug|Any CPU
		{D38C21CE-7B23-4EBF-8B62-CED5B30F56DD}.Release|Any CPU.ActiveCfg = Release|Any CPU
		{D38C21CE-7B23-4EBF-8B62-CED5B30F56DD}.Release|Any CPU.Build.0 = Release|Any CPU
	EndGlobalSection
	GlobalSection(SolutionProperties) = preSolution
		HideSolutionNode = FALSE
	EndGlobalSection
	GlobalSection(ExtensibilityGlobals) = postSolution
		SolutionGuid = {18805EA7-4A9E-4525-8868-BBAE0BA8259D}
	EndGlobalSection
EndGlobal
